// !$*UTF8*$!
{
	archiveVersion = 1;
	classes = {
	};
	objectVersion = 46;
	objects = {

/* Begin PBXBuildFile section */
		9974415E1E373BE5004390CE /* AppDelegate.swift in Sources */ = {isa = PBXBuildFile; fileRef = 9974415D1E373BE5004390CE /* AppDelegate.swift */; };
		997441601E373BE5004390CE /* ViewController.swift in Sources */ = {isa = PBXBuildFile; fileRef = 9974415F1E373BE5004390CE /* ViewController.swift */; };
		997441631E373BE5004390CE /* Main.storyboard in Resources */ = {isa = PBXBuildFile; fileRef = 997441611E373BE5004390CE /* Main.storyboard */; };
		997441651E373BE5004390CE /* Assets.xcassets in Resources */ = {isa = PBXBuildFile; fileRef = 997441641E373BE5004390CE /* Assets.xcassets */; };
		997441681E373BE5004390CE /* LaunchScreen.storyboard in Resources */ = {isa = PBXBuildFile; fileRef = 997441661E373BE5004390CE /* LaunchScreen.storyboard */; };
/* End PBXBuildFile section */

/* Begin PBXFileReference section */
		9974415A1E373BE5004390CE /* Example-Swift-MGBS.app */ = {isa = PBXFileReference; explicitFileType = wrapper.application; includeInIndex = 0; path = "Example-Swift-MGBS.app"; sourceTree = BUILT_PRODUCTS_DIR; };
		9974415D1E373BE5004390CE /* AppDelegate.swift */ = {isa = PBXFileReference; lastKnownFileType = sourcecode.swift; path = AppDelegate.swift; sourceTree = "<group>"; };
		9974415F1E373BE5004390CE /* ViewController.swift */ = {isa = PBXFileReference; lastKnownFileType = sourcecode.swift; path = ViewController.swift; sourceTree = "<group>"; };
		997441621E373BE5004390CE /* Base */ = {isa = PBXFileReference; lastKnownFileType = file.storyboard; name = Base; path = Base.lproj/Main.storyboard; sourceTree = "<group>"; };
		997441641E373BE5004390CE /* Assets.xcassets */ = {isa = PBXFileReference; lastKnownFileType = folder.assetcatalog; path = Assets.xcassets; sourceTree = "<group>"; };
		997441671E373BE5004390CE /* Base */ = {isa = PBXFileReference; lastKnownFileType = file.storyboard; name = Base; path = Base.lproj/LaunchScreen.storyboard; sourceTree = "<group>"; };
		997441691E373BE5004390CE /* Info.plist */ = {isa = PBXFileReference; lastKnownFileType = text.plist.xml; path = Info.plist; sourceTree = "<group>"; };
/* End PBXFileReference section */

/* Begin PBXFrameworksBuildPhase section */
		997441571E373BE5004390CE /* Frameworks */ = {
			isa = PBXFrameworksBuildPhase;
			buildActionMask = 2147483647;
			files = (
			);
			runOnlyForDeploymentPostprocessing = 0;
		};
/* End PBXFrameworksBuildPhase section */

/* Begin PBXGroup section */
		997441511E373BE5004390CE = {
			isa = PBXGroup;
			children = (
				9974415C1E373BE5004390CE /* Example-Swift-MGBS */,
				9974415B1E373BE5004390CE /* Products */,
			);
			sourceTree = "<group>";
		};
		9974415B1E373BE5004390CE /* Products */ = {
			isa = PBXGroup;
			children = (
				9974415A1E373BE5004390CE /* Example-Swift-MGBS.app */,
			);
			name = Products;
			sourceTree = "<group>";
		};
		9974415C1E373BE5004390CE /* Example-Swift-MGBS */ = {
			isa = PBXGroup;
			children = (
				9974415D1E373BE5004390CE /* AppDelegate.swift */,
				9974415F1E373BE5004390CE /* ViewController.swift */,
				997441611E373BE5004390CE /* Main.storyboard */,
				997441641E373BE5004390CE /* Assets.xcassets */,
				997441661E373BE5004390CE /* LaunchScreen.storyboard */,
				997441691E373BE5004390CE /* Info.plist */,
			);
			path = "Example-Swift-MGBS";
			sourceTree = "<group>";
		};
/* End PBXGroup section */

/* Begin PBXNativeTarget section */
		997441591E373BE5004390CE /* Example-Swift-MGBS */ = {
			isa = PBXNativeTarget;
			buildConfigurationList = 9974416C1E373BE5004390CE /* Build configuration list for PBXNativeTarget "Example-Swift-MGBS" */;
			buildPhases = (
				997441561E373BE5004390CE /* Sources */,
				997441571E373BE5004390CE /* Frameworks */,
				997441581E373BE5004390CE /* Resources */,
			);
			buildRules = (
			);
			dependencies = (
			);
			name = "Example-Swift-MGBS";
			productName = "Example-Swift-MGBS";
			productReference = 9974415A1E373BE5004390CE /* Example-Swift-MGBS.app */;
			productType = "com.apple.product-type.application";
		};
/* End PBXNativeTarget section */

/* Begin PBXProject section */
		997441521E373BE5004390CE /* Project object */ = {
			isa = PBXProject;
			attributes = {
				LastSwiftUpdateCheck = 0820;
				LastUpgradeCheck = 0820;
				ORGANIZATIONNAME = "Guillermo Garcia Rebolo";
				TargetAttributes = {
					997441591E373BE5004390CE = {
						CreatedOnToolsVersion = 8.2.1;
						ProvisioningStyle = Automatic;
					};
				};
			};
			buildConfigurationList = 997441551E373BE5004390CE /* Build configuration list for PBXProject "Example-Swift-MGBS" */;
			compatibilityVersion = "Xcode 3.2";
			developmentRegion = English;
			hasScannedForEncodings = 0;
			knownRegions = (
				en,
				Base,
			);
			mainGroup = 997441511E373BE5004390CE;
			productRefGroup = 9974415B1E373BE5004390CE /* Products */;
			projectDirPath = "";
			projectRoot = "";
			targets = (
				997441591E373BE5004390CE /* Example-Swift-MGBS */,
			);
		};
/* End PBXProject section */

/* Begin PBXResourcesBuildPhase section */
		997441581E373BE5004390CE /* Resources */ = {
			isa = PBXResourcesBuildPhase;
			buildActionMask = 2147483647;
			files = (
				997441681E373BE5004390CE /* LaunchScreen.storyboard in Resources */,
				997441651E373BE5004390CE /* Assets.xcassets in Resources */,
				997441631E373BE5004390CE /* Main.storyboard in Resources */,
			);
			runOnlyForDeploymentPostprocessing = 0;
		};
/* End PBXResourcesBuildPhase section */

/* Begin PBXSourcesBuildPhase section */
		997441561E373BE5004390CE /* Sources */ = {
			isa = PBXSourcesBuildPhase;
			buildActionMask = 2147483647;
			files = (
				997441601E373BE5004390CE /* ViewController.swift in Sources */,
				9974415E1E373BE5004390CE /* AppDelegate.swift in Sources */,
			);
			runOnlyForDeploymentPostprocessing = 0;
		};
/* End PBXSourcesBuildPhase section */

/* Begin PBXVariantGroup section */
		997441611E373BE5004390CE /* Main.storyboard */ = {
			isa = PBXVariantGroup;
			children = (
				997441621E373BE5004390CE /* Base */,
			);
			name = Main.storyboard;
			sourceTree = "<group>";
		};
		997441661E373BE5004390CE /* LaunchScreen.storyboard */ = {
			isa = PBXVariantGroup;
			children = (
				997441671E373BE5004390CE /* Base */,
			);
			name = LaunchScreen.storyboard;
			sourceTree = "<group>";
		};
/* End PBXVariantGroup section */

/* Begin XCBuildConfiguration section */
		9974416A1E373BE5004390CE /* Debug */ = {
			isa = XCBuildConfiguration;
			buildSettings = {
				ALWAYS_SEARCH_USER_PATHS = NO;
				CLANG_ANALYZER_NONNULL = YES;
				CLANG_CXX_LANGUAGE_STANDARD = "gnu++0x";
				CLANG_CXX_LIBRARY = "libc++";
				CLANG_ENABLE_MODULES = YES;
				CLANG_ENABLE_OBJC_ARC = YES;
				CLANG_WARN_BOOL_CONVERSION = YES;
				CLANG_WARN_CONSTANT_CONVERSION = YES;
				CLANG_WARN_DIRECT_OBJC_ISA_USAGE = YES_ERROR;
				CLANG_WARN_DOCUMENTATION_COMMENTS = YES;
				CLANG_WARN_EMPTY_BODY = YES;
				CLANG_WARN_ENUM_CONVERSION = YES;
				CLANG_WARN_INFINITE_RECURSION = YES;
				CLANG_WARN_INT_CONVERSION = YES;
				CLANG_WARN_OBJC_ROOT_CLASS = YES_ERROR;
				CLANG_WARN_SUSPICIOUS_MOVE = YES;
				CLANG_WARN_UNREACHABLE_CODE = YES;
				CLANG_WARN__DUPLICATE_METHOD_MATCH = YES;
				"CODE_SIGN_IDENTITY[sdk=iphoneos*]" = "iPhone Developer";
				COPY_PHASE_STRIP = NO;
				DEBUG_INFORMATION_FORMAT = dwarf;
				ENABLE_STRICT_OBJC_MSGSEND = YES;
				ENABLE_TESTABILITY = YES;
				GCC_C_LANGUAGE_STANDARD = gnu99;
				GCC_DYNAMIC_NO_PIC = NO;
				GCC_NO_COMMON_BLOCKS = YES;
				GCC_OPTIMIZATION_LEVEL = 0;
				GCC_PREPROCESSOR_DEFINITIONS = (
					"DEBUG=1",
					"$(inherited)",
				);
				GCC_WARN_64_TO_32_BIT_CONVERSION = YES;
				GCC_WARN_ABOUT_RETURN_TYPE = YES_ERROR;
				GCC_WARN_UNDECLARED_SELECTOR = YES;
				GCC_WARN_UNINITIALIZED_AUTOS = YES_AGGRESSIVE;
				GCC_WARN_UNUSED_FUNCTION = YES;
				GCC_WARN_UNUSED_VARIABLE = YES;
				IPHONEOS_DEPLOYMENT_TARGET = 10.2;
				MTL_ENABLE_DEBUG_INFO = YES;
				ONLY_ACTIVE_ARCH = YES;
				SDKROOT = iphoneos;
				SWIFT_ACTIVE_COMPILATION_CONDITIONS = DEBUG;
				SWIFT_OPTIMIZATION_LEVEL = "-Onone";
				TARGETED_DEVICE_FAMILY = "1,2";
			};
			name = Debug;
		};
		9974416B1E373BE5004390CE /* Release */ = {
			isa = XCBuildConfiguration;
			buildSettings = {
				ALWAYS_SEARCH_USER_PATHS = NO;
				CLANG_ANALYZER_NONNULL = YES;
				CLANG_CXX_LANGUAGE_STANDARD = "gnu++0x";
				CLANG_CXX_LIBRARY = "libc++";
				CLANG_ENABLE_MODULES = YES;
				CLANG_ENABLE_OBJC_ARC = YES;
				CLANG_WARN_BOOL_CONVERSION = YES;
				CLANG_WARN_CONSTANT_CONVERSION = YES;
				CLANG_WARN_DIRECT_OBJC_ISA_USAGE = YES_ERROR;
				CLANG_WARN_DOCUMENTATION_COMMENTS = YES;
				CLANG_WARN_EMPTY_BODY = YES;
				CLANG_WARN_ENUM_CONVERSION = YES;
				CLANG_WARN_INFINITE_RECURSION = YES;
				CLANG_WARN_INT_CONVERSION = YES;
				CLANG_WARN_OBJC_ROOT_CLASS = YES_ERROR;
				CLANG_WARN_SUSPICIOUS_MOVE = YES;
				CLANG_WARN_UNREACHABLE_CODE = YES;
				CLANG_WARN__DUPLICATE_METHOD_MATCH = YES;
				"CODE_SIGN_IDENTITY[sdk=iphoneos*]" = "iPhone Developer";
				COPY_PHASE_STRIP = NO;
				DEBUG_INFORMATION_FORMAT = "dwarf-with-dsym";
				ENABLE_NS_ASSERTIONS = NO;
				ENABLE_STRICT_OBJC_MSGSEND = YES;
				GCC_C_LANGUAGE_STANDARD = gnu99;
				GCC_NO_COMMON_BLOCKS = YES;
				GCC_WARN_64_TO_32_BIT_CONVERSION = YES;
				GCC_WARN_ABOUT_RETURN_TYPE = YES_ERROR;
				GCC_WARN_UNDECLARED_SELECTOR = YES;
				GCC_WARN_UNINITIALIZED_AUTOS = YES_AGGRESSIVE;
				GCC_WARN_UNUSED_FUNCTION = YES;
				GCC_WARN_UNUSED_VARIABLE = YES;
				IPHONEOS_DEPLOYMENT_TARGET = 10.2;
				MTL_ENABLE_DEBUG_INFO = NO;
				SDKROOT = iphoneos;
				SWIFT_OPTIMIZATION_LEVEL = "-Owholemodule";
				TARGETED_DEVICE_FAMILY = "1,2";
				VALIDATE_PRODUCT = YES;
			};
			name = Release;
		};
		9974416D1E373BE5004390CE /* Debug */ = {
			isa = XCBuildConfiguration;
			buildSettings = {
				ASSETCATALOG_COMPILER_APPICON_NAME = AppIcon;
				INFOPLIST_FILE = "Example-Swift-MGBS/Info.plist";
				IPHONEOS_DEPLOYMENT_TARGET = 9.0;
				LD_RUNPATH_SEARCH_PATHS = "$(inherited) @executable_path/Frameworks";
				PRODUCT_BUNDLE_IDENTIFIER = "es.Guille969.Example-Swift-MGBS";
				PRODUCT_NAME = "$(TARGET_NAME)";
				SWIFT_VERSION = 3.0;
			};
			name = Debug;
		};
		9974416E1E373BE5004390CE /* Release */ = {
			isa = XCBuildConfiguration;
			buildSettings = {
				ASSETCATALOG_COMPILER_APPICON_NAME = AppIcon;
				INFOPLIST_FILE = "Example-Swift-MGBS/Info.plist";
				IPHONEOS_DEPLOYMENT_TARGET = 9.0;
				LD_RUNPATH_SEARCH_PATHS = "$(inherited) @executable_path/Frameworks";
				PRODUCT_BUNDLE_IDENTIFIER = "es.Guille969.Example-Swift-MGBS";
				PRODUCT_NAME = "$(TARGET_NAME)";
				SWIFT_VERSION = 3.0;
			};
			name = Release;
		};
/* End XCBuildConfiguration section */

/* Begin XCConfigurationList section */
		997441551E373BE5004390CE /* Build configuration list for PBXProject "Example-Swift-MGBS" */ = {
			isa = XCConfigurationList;
			buildConfigurations = (
				9974416A1E373BE5004390CE /* Debug */,
				9974416B1E373BE5004390CE /* Release */,
			);
			defaultConfigurationIsVisible = 0;
			defaultConfigurationName = Release;
		};
		9974416C1E373BE5004390CE /* Build configuration list for PBXNativeTarget "Example-Swift-MGBS" */ = {
			isa = XCConfigurationList;
			buildConfigurations = (
				9974416D1E373BE5004390CE /* Debug */,
				9974416E1E373BE5004390CE /* Release */,
			);
			defaultConfigurationIsVisible = 0;
			defaultConfigurationName = Release;
		};
/* End XCConfigurationList section */
	};
	rootObject = 997441521E373BE5004390CE /* Project object */;
}
