// !$*UTF8*$!
{
	archiveVersion = 1;
	classes = {
	};
	objectVersion = 50;
	objects = {

/* Begin PBXBuildFile section */
		7E70BCE120C840B60009AE33 /* AppDelegate.swift in Sources */ = {isa = PBXBuildFile; fileRef = 7E70BCE020C840B60009AE33 /* AppDelegate.swift */; };
		7E70BCE320C840B60009AE33 /* ViewController.swift in Sources */ = {isa = PBXBuildFile; fileRef = 7E70BCE220C840B60009AE33 /* ViewController.swift */; };
		7E70BCE620C840B60009AE33 /* Main.storyboard in Resources */ = {isa = PBXBuildFile; fileRef = 7E70BCE420C840B60009AE33 /* Main.storyboard */; };
		7E70BCE820C840B60009AE33 /* Assets.xcassets in Resources */ = {isa = PBXBuildFile; fileRef = 7E70BCE720C840B60009AE33 /* Assets.xcassets */; };
		7E70BCEB20C840B60009AE33 /* LaunchScreen.storyboard in Resources */ = {isa = PBXBuildFile; fileRef = 7E70BCE920C840B60009AE33 /* LaunchScreen.storyboard */; };
		7E70BCFB20C842750009AE33 /* MGBottomSheet.framework in Frameworks */ = {isa = PBXBuildFile; fileRef = 7E70BCF820C8426A0009AE33 /* MGBottomSheet.framework */; };
		7E70BCFC20C842750009AE33 /* MGBottomSheet.framework in Embed Frameworks */ = {isa = PBXBuildFile; fileRef = 7E70BCF820C8426A0009AE33 /* MGBottomSheet.framework */; settings = {ATTRIBUTES = (CodeSignOnCopy, RemoveHeadersOnCopy, ); }; };
/* End PBXBuildFile section */

/* Begin PBXContainerItemProxy section */
		7E70BCF720C8426A0009AE33 /* PBXContainerItemProxy */ = {
			isa = PBXContainerItemProxy;
			containerPortal = 7E70BCF220C8426A0009AE33 /* MGBottomSheet.xcodeproj */;
			proxyType = 2;
			remoteGlobalIDString = 7E70BC8920C80E4A0009AE33;
			remoteInfo = "MGBottomSheet iOS";
		};
		7E70BCF920C8426A0009AE33 /* PBXContainerItemProxy */ = {
			isa = PBXContainerItemProxy;
			containerPortal = 7E70BCF220C8426A0009AE33 /* MGBottomSheet.xcodeproj */;
			proxyType = 2;
			remoteGlobalIDString = 7E70BC9120C80E4A0009AE33;
			remoteInfo = "MGBottomSheet iOS Tests";
		};
		7E70BCFD20C842750009AE33 /* PBXContainerItemProxy */ = {
			isa = PBXContainerItemProxy;
			containerPortal = 7E70BCF220C8426A0009AE33 /* MGBottomSheet.xcodeproj */;
			proxyType = 1;
			remoteGlobalIDString = 7E70BC8820C80E4A0009AE33;
			remoteInfo = "MGBottomSheet iOS";
		};
/* End PBXContainerItemProxy section */

/* Begin PBXCopyFilesBuildPhase section */
		7E70BCFF20C842760009AE33 /* Embed Frameworks */ = {
			isa = PBXCopyFilesBuildPhase;
			buildActionMask = 2147483647;
			dstPath = "";
			dstSubfolderSpec = 10;
			files = (
				7E70BCFC20C842750009AE33 /* MGBottomSheet.framework in Embed Frameworks */,
			);
			name = "Embed Frameworks";
			runOnlyForDeploymentPostprocessing = 0;
		};
/* End PBXCopyFilesBuildPhase section */

/* Begin PBXFileReference section */
		7E70BCDD20C840B60009AE33 /* iOS Example.app */ = {isa = PBXFileReference; explicitFileType = wrapper.application; includeInIndex = 0; path = "iOS Example.app"; sourceTree = BUILT_PRODUCTS_DIR; };
		7E70BCE020C840B60009AE33 /* AppDelegate.swift */ = {isa = PBXFileReference; lastKnownFileType = sourcecode.swift; path = AppDelegate.swift; sourceTree = "<group>"; };
		7E70BCE220C840B60009AE33 /* ViewController.swift */ = {isa = PBXFileReference; lastKnownFileType = sourcecode.swift; path = ViewController.swift; sourceTree = "<group>"; };
		7E70BCE520C840B60009AE33 /* Base */ = {isa = PBXFileReference; lastKnownFileType = file.storyboard; name = Base; path = Base.lproj/Main.storyboard; sourceTree = "<group>"; };
		7E70BCE720C840B60009AE33 /* Assets.xcassets */ = {isa = PBXFileReference; lastKnownFileType = folder.assetcatalog; path = Assets.xcassets; sourceTree = "<group>"; };
		7E70BCEA20C840B60009AE33 /* Base */ = {isa = PBXFileReference; lastKnownFileType = file.storyboard; name = Base; path = Base.lproj/LaunchScreen.storyboard; sourceTree = "<group>"; };
		7E70BCEC20C840B60009AE33 /* Info.plist */ = {isa = PBXFileReference; lastKnownFileType = text.plist.xml; path = Info.plist; sourceTree = "<group>"; };
		7E70BCF220C8426A0009AE33 /* MGBottomSheet.xcodeproj */ = {isa = PBXFileReference; lastKnownFileType = "wrapper.pb-project"; name = MGBottomSheet.xcodeproj; path = ../MGBottomSheet.xcodeproj; sourceTree = "<group>"; };
/* End PBXFileReference section */

/* Begin PBXFrameworksBuildPhase section */
		7E70BCDA20C840B60009AE33 /* Frameworks */ = {
			isa = PBXFrameworksBuildPhase;
			buildActionMask = 2147483647;
			files = (
				7E70BCFB20C842750009AE33 /* MGBottomSheet.framework in Frameworks */,
			);
			runOnlyForDeploymentPostprocessing = 0;
		};
/* End PBXFrameworksBuildPhase section */

/* Begin PBXGroup section */
		7E70BCD420C840B60009AE33 = {
			isa = PBXGroup;
			children = (
				7E70BCDF20C840B60009AE33 /* iOS Example */,
				7E70BCDE20C840B60009AE33 /* Products */,
				7E70BCF220C8426A0009AE33 /* MGBottomSheet.xcodeproj */,
			);
			sourceTree = "<group>";
		};
		7E70BCDE20C840B60009AE33 /* Products */ = {
			isa = PBXGroup;
			children = (
				7E70BCDD20C840B60009AE33 /* iOS Example.app */,
			);
			name = Products;
			sourceTree = "<group>";
		};
		7E70BCDF20C840B60009AE33 /* iOS Example */ = {
			isa = PBXGroup;
			children = (
				7E70BCE020C840B60009AE33 /* AppDelegate.swift */,
				7E70BCE220C840B60009AE33 /* ViewController.swift */,
				7E70BCE420C840B60009AE33 /* Main.storyboard */,
				7E70BCE720C840B60009AE33 /* Assets.xcassets */,
				7E70BCE920C840B60009AE33 /* LaunchScreen.storyboard */,
				7E70BCEC20C840B60009AE33 /* Info.plist */,
			);
			path = "iOS Example";
			sourceTree = "<group>";
		};
		7E70BCF320C8426A0009AE33 /* Products */ = {
			isa = PBXGroup;
			children = (
				7E70BCF820C8426A0009AE33 /* MGBottomSheet.framework */,
				7E70BCFA20C8426A0009AE33 /* MGBottomSheet iOS Tests.xctest */,
			);
			name = Products;
			sourceTree = "<group>";
		};
/* End PBXGroup section */

/* Begin PBXNativeTarget section */
		7E70BCDC20C840B60009AE33 /* iOS Example */ = {
			isa = PBXNativeTarget;
			buildConfigurationList = 7E70BCEF20C840B60009AE33 /* Build configuration list for PBXNativeTarget "iOS Example" */;
			buildPhases = (
				7E70BCD920C840B60009AE33 /* Sources */,
				7E70BCDA20C840B60009AE33 /* Frameworks */,
				7E70BCDB20C840B60009AE33 /* Resources */,
				7E70BCFF20C842760009AE33 /* Embed Frameworks */,
			);
			buildRules = (
			);
			dependencies = (
				7E70BCFE20C842750009AE33 /* PBXTargetDependency */,
			);
			name = "iOS Example";
			productName = "iOS Example";
			productReference = 7E70BCDD20C840B60009AE33 /* iOS Example.app */;
			productType = "com.apple.product-type.application";
		};
/* End PBXNativeTarget section */

/* Begin PBXProject section */
		7E70BCD520C840B60009AE33 /* Project object */ = {
			isa = PBXProject;
			attributes = {
				LastSwiftUpdateCheck = 0940;
				LastUpgradeCheck = 0940;
				ORGANIZATIONNAME = "Guillermo García Rebolo";
				TargetAttributes = {
					7E70BCDC20C840B60009AE33 = {
						CreatedOnToolsVersion = 9.4;
					};
				};
			};
			buildConfigurationList = 7E70BCD820C840B60009AE33 /* Build configuration list for PBXProject "iOS Example" */;
			compatibilityVersion = "Xcode 9.3";
			developmentRegion = en;
			hasScannedForEncodings = 0;
			knownRegions = (
				en,
				Base,
			);
			mainGroup = 7E70BCD420C840B60009AE33;
			productRefGroup = 7E70BCDE20C840B60009AE33 /* Products */;
			projectDirPath = "";
			projectReferences = (
				{
					ProductGroup = 7E70BCF320C8426A0009AE33 /* Products */;
					ProjectRef = 7E70BCF220C8426A0009AE33 /* MGBottomSheet.xcodeproj */;
				},
			);
			projectRoot = "";
			targets = (
				7E70BCDC20C840B60009AE33 /* iOS Example */,
			);
		};
/* End PBXProject section */

/* Begin PBXReferenceProxy section */
		7E70BCF820C8426A0009AE33 /* MGBottomSheet.framework */ = {
			isa = PBXReferenceProxy;
			fileType = wrapper.framework;
			path = MGBottomSheet.framework;
			remoteRef = 7E70BCF720C8426A0009AE33 /* PBXContainerItemProxy */;
			sourceTree = BUILT_PRODUCTS_DIR;
		};
		7E70BCFA20C8426A0009AE33 /* MGBottomSheet iOS Tests.xctest */ = {
			isa = PBXReferenceProxy;
			fileType = wrapper.cfbundle;
			path = "MGBottomSheet iOS Tests.xctest";
			remoteRef = 7E70BCF920C8426A0009AE33 /* PBXContainerItemProxy */;
			sourceTree = BUILT_PRODUCTS_DIR;
		};
/* End PBXReferenceProxy section */

/* Begin PBXResourcesBuildPhase section */
		7E70BCDB20C840B60009AE33 /* Resources */ = {
			isa = PBXResourcesBuildPhase;
			buildActionMask = 2147483647;
			files = (
				7E70BCEB20C840B60009AE33 /* LaunchScreen.storyboard in Resources */,
				7E70BCE820C840B60009AE33 /* Assets.xcassets in Resources */,
				7E70BCE620C840B60009AE33 /* Main.storyboard in Resources */,
			);
			runOnlyForDeploymentPostprocessing = 0;
		};
/* End PBXResourcesBuildPhase section */

/* Begin PBXSourcesBuildPhase section */
		7E70BCD920C840B60009AE33 /* Sources */ = {
			isa = PBXSourcesBuildPhase;
			buildActionMask = 2147483647;
			files = (
				7E70BCE320C840B60009AE33 /* ViewController.swift in Sources */,
				7E70BCE120C840B60009AE33 /* AppDelegate.swift in Sources */,
			);
			runOnlyForDeploymentPostprocessing = 0;
		};
/* End PBXSourcesBuildPhase section */

/* Begin PBXTargetDependency section */
		7E70BCFE20C842750009AE33 /* PBXTargetDependency */ = {
			isa = PBXTargetDependency;
			name = "MGBottomSheet iOS";
			targetProxy = 7E70BCFD20C842750009AE33 /* PBXContainerItemProxy */;
		};
/* End PBXTargetDependency section */

/* Begin PBXVariantGroup section */
		7E70BCE420C840B60009AE33 /* Main.storyboard */ = {
			isa = PBXVariantGroup;
			children = (
				7E70BCE520C840B60009AE33 /* Base */,
			);
			name = Main.storyboard;
			sourceTree = "<group>";
		};
		7E70BCE920C840B60009AE33 /* LaunchScreen.storyboard */ = {
			isa = PBXVariantGroup;
			children = (
				7E70BCEA20C840B60009AE33 /* Base */,
			);
			name = LaunchScreen.storyboard;
			sourceTree = "<group>";
		};
/* End PBXVariantGroup section */

/* Begin XCBuildConfiguration section */
		7E70BCED20C840B60009AE33 /* Debug */ = {
			isa = XCBuildConfiguration;
			buildSettings = {
				ALWAYS_SEARCH_USER_PATHS = NO;
				CLANG_ANALYZER_NONNULL = YES;
				CLANG_ANALYZER_NUMBER_OBJECT_CONVERSION = YES_AGGRESSIVE;
				CLANG_CXX_LANGUAGE_STANDARD = "gnu++14";
				CLANG_CXX_LIBRARY = "libc++";
				CLANG_ENABLE_MODULES = YES;
				CLANG_ENABLE_OBJC_ARC = YES;
				CLANG_ENABLE_OBJC_WEAK = YES;
				CLANG_WARN_BLOCK_CAPTURE_AUTORELEASING = YES;
				CLANG_WARN_BOOL_CONVERSION = YES;
				CLANG_WARN_COMMA = YES;
				CLANG_WARN_CONSTANT_CONVERSION = YES;
				CLANG_WARN_DEPRECATED_OBJC_IMPLEMENTATIONS = YES;
				CLANG_WARN_DIRECT_OBJC_ISA_USAGE = YES_ERROR;
				CLANG_WARN_DOCUMENTATION_COMMENTS = YES;
				CLANG_WARN_EMPTY_BODY = YES;
				CLANG_WARN_ENUM_CONVERSION = YES;
				CLANG_WARN_INFINITE_RECURSION = YES;
				CLANG_WARN_INT_CONVERSION = YES;
				CLANG_WARN_NON_LITERAL_NULL_CONVERSION = YES;
				CLANG_WARN_OBJC_IMPLICIT_RETAIN_SELF = YES;
				CLANG_WARN_OBJC_LITERAL_CONVERSION = YES;
				CLANG_WARN_OBJC_ROOT_CLASS = YES_ERROR;
				CLANG_WARN_RANGE_LOOP_ANALYSIS = YES;
				CLANG_WARN_STRICT_PROTOTYPES = YES;
				CLANG_WARN_SUSPICIOUS_MOVE = YES;
				CLANG_WARN_UNGUARDED_AVAILABILITY = YES_AGGRESSIVE;
				CLANG_WARN_UNREACHABLE_CODE = YES;
				CLANG_WARN__DUPLICATE_METHOD_MATCH = YES;
				CODE_SIGN_IDENTITY = "iPhone Developer";
				COPY_PHASE_STRIP = NO;
				DEBUG_INFORMATION_FORMAT = dwarf;
				ENABLE_STRICT_OBJC_MSGSEND = YES;
				ENABLE_TESTABILITY = YES;
				GCC_C_LANGUAGE_STANDARD = gnu11;
				GCC_DYNAMIC_NO_PIC = NO;
				GCC_NO_COMMON_BLOCKS = YES;
				GCC_OPTIMIZATION_LEVEL = 0;
				GCC_PREPROCESSOR_DEFINITIONS = (
					"DEBUG=1",
					"$(inherited)",
				);
				GCC_WARN_64_TO_32_BIT_CONVERSION = YES;
				GCC_WARN_ABOUT_RETURN_TYPE = YES_ERROR;
				GCC_WARN_UNDECLARED_SELECTOR = YES;
				GCC_WARN_UNINITIALIZED_AUTOS = YES_AGGRESSIVE;
				GCC_WARN_UNUSED_FUNCTION = YES;
				GCC_WARN_UNUSED_VARIABLE = YES;
				IPHONEOS_DEPLOYMENT_TARGET = 11.4;
				MTL_ENABLE_DEBUG_INFO = YES;
				ONLY_ACTIVE_ARCH = YES;
				SDKROOT = iphoneos;
				SWIFT_ACTIVE_COMPILATION_CONDITIONS = DEBUG;
				SWIFT_OPTIMIZATION_LEVEL = "-Onone";
			};
			name = Debug;
		};
		7E70BCEE20C840B60009AE33 /* Release */ = {
			isa = XCBuildConfiguration;
			buildSettings = {
				ALWAYS_SEARCH_USER_PATHS = NO;
				CLANG_ANALYZER_NONNULL = YES;
				CLANG_ANALYZER_NUMBER_OBJECT_CONVERSION = YES_AGGRESSIVE;
				CLANG_CXX_LANGUAGE_STANDARD = "gnu++14";
				CLANG_CXX_LIBRARY = "libc++";
				CLANG_ENABLE_MODULES = YES;
				CLANG_ENABLE_OBJC_ARC = YES;
				CLANG_ENABLE_OBJC_WEAK = YES;
				CLANG_WARN_BLOCK_CAPTURE_AUTORELEASING = YES;
				CLANG_WARN_BOOL_CONVERSION = YES;
				CLANG_WARN_COMMA = YES;
				CLANG_WARN_CONSTANT_CONVERSION = YES;
				CLANG_WARN_DEPRECATED_OBJC_IMPLEMENTATIONS = YES;
				CLANG_WARN_DIRECT_OBJC_ISA_USAGE = YES_ERROR;
				CLANG_WARN_DOCUMENTATION_COMMENTS = YES;
				CLANG_WARN_EMPTY_BODY = YES;
				CLANG_WARN_ENUM_CONVERSION = YES;
				CLANG_WARN_INFINITE_RECURSION = YES;
				CLANG_WARN_INT_CONVERSION = YES;
				CLANG_WARN_NON_LITERAL_NULL_CONVERSION = YES;
				CLANG_WARN_OBJC_IMPLICIT_RETAIN_SELF = YES;
				CLANG_WARN_OBJC_LITERAL_CONVERSION = YES;
				CLANG_WARN_OBJC_ROOT_CLASS = YES_ERROR;
				CLANG_WARN_RANGE_LOOP_ANALYSIS = YES;
				CLANG_WARN_STRICT_PROTOTYPES = YES;
				CLANG_WARN_SUSPICIOUS_MOVE = YES;
				CLANG_WARN_UNGUARDED_AVAILABILITY = YES_AGGRESSIVE;
				CLANG_WARN_UNREACHABLE_CODE = YES;
				CLANG_WARN__DUPLICATE_METHOD_MATCH = YES;
				CODE_SIGN_IDENTITY = "iPhone Developer";
				COPY_PHASE_STRIP = NO;
				DEBUG_INFORMATION_FORMAT = "dwarf-with-dsym";
				ENABLE_NS_ASSERTIONS = NO;
				ENABLE_STRICT_OBJC_MSGSEND = YES;
				GCC_C_LANGUAGE_STANDARD = gnu11;
				GCC_NO_COMMON_BLOCKS = YES;
				GCC_WARN_64_TO_32_BIT_CONVERSION = YES;
				GCC_WARN_ABOUT_RETURN_TYPE = YES_ERROR;
				GCC_WARN_UNDECLARED_SELECTOR = YES;
				GCC_WARN_UNINITIALIZED_AUTOS = YES_AGGRESSIVE;
				GCC_WARN_UNUSED_FUNCTION = YES;
				GCC_WARN_UNUSED_VARIABLE = YES;
				IPHONEOS_DEPLOYMENT_TARGET = 11.4;
				MTL_ENABLE_DEBUG_INFO = NO;
				SDKROOT = iphoneos;
				SWIFT_COMPILATION_MODE = wholemodule;
				SWIFT_OPTIMIZATION_LEVEL = "-O";
				VALIDATE_PRODUCT = YES;
			};
			name = Release;
		};
		7E70BCF020C840B60009AE33 /* Debug */ = {
			isa = XCBuildConfiguration;
			buildSettings = {
				ALWAYS_EMBED_SWIFT_STANDARD_LIBRARIES = YES;
				ASSETCATALOG_COMPILER_APPICON_NAME = AppIcon;
				CODE_SIGN_STYLE = Automatic;
				DEVELOPMENT_TEAM = FUTCARWTT6;
				INFOPLIST_FILE = "iOS Example/Info.plist";
				IPHONEOS_DEPLOYMENT_TARGET = 9.0;
				LD_RUNPATH_SEARCH_PATHS = (
					"$(inherited)",
					"@executable_path/Frameworks",
				);
				PRODUCT_BUNDLE_IDENTIFIER = "com.gygr969.iOS-Example";
				PRODUCT_NAME = "$(TARGET_NAME)";
				SWIFT_VERSION = 4.0;
				TARGETED_DEVICE_FAMILY = "1,2";
			};
			name = Debug;
		};
		7E70BCF120C840B60009AE33 /* Release */ = {
			isa = XCBuildConfiguration;
			buildSettings = {
				ALWAYS_EMBED_SWIFT_STANDARD_LIBRARIES = YES;
				ASSETCATALOG_COMPILER_APPICON_NAME = AppIcon;
				CODE_SIGN_STYLE = Automatic;
				DEVELOPMENT_TEAM = FUTCARWTT6;
				INFOPLIST_FILE = "iOS Example/Info.plist";
				IPHONEOS_DEPLOYMENT_TARGET = 9.0;
				LD_RUNPATH_SEARCH_PATHS = (
					"$(inherited)",
					"@executable_path/Frameworks",
				);
				PRODUCT_BUNDLE_IDENTIFIER = "com.gygr969.iOS-Example";
				PRODUCT_NAME = "$(TARGET_NAME)";
				SWIFT_VERSION = 4.0;
				TARGETED_DEVICE_FAMILY = "1,2";
			};
			name = Release;
		};
/* End XCBuildConfiguration section */

/* Begin XCConfigurationList section */
		7E70BCD820C840B60009AE33 /* Build configuration list for PBXProject "iOS Example" */ = {
			isa = XCConfigurationList;
			buildConfigurations = (
				7E70BCED20C840B60009AE33 /* Debug */,
				7E70BCEE20C840B60009AE33 /* Release */,
			);
			defaultConfigurationIsVisible = 0;
			defaultConfigurationName = Release;
		};
		7E70BCEF20C840B60009AE33 /* Build configuration list for PBXNativeTarget "iOS Example" */ = {
			isa = XCConfigurationList;
			buildConfigurations = (
				7E70BCF020C840B60009AE33 /* Debug */,
				7E70BCF120C840B60009AE33 /* Release */,
			);
			defaultConfigurationIsVisible = 0;
			defaultConfigurationName = Release;
		};
/* End XCConfigurationList section */
	};
	rootObject = 7E70BCD520C840B60009AE33 /* Project object */;
}
